
Microsoft Visual Studio Solution File, Format Version 12.00
# Visual Studio Version 17
VisualStudioVersion = 17.7.34018.315
MinimumVisualStudioVersion = 10.0.40219.1
Project("{9A19103F-16F7-4668-BE54-9A1E7A4F7556}") = "Tarteeb.Api", "Tarteeb.Api\Tarteeb.Api.csproj", "{CF4ACCE0-781B-4E32-B688-40981E90AEE6}"
EndProject
Project("{FAE04EC0-301F-11D3-BF4B-00C04F79EFBC}") = "Tarteeb.Api.Infrastructure.Build", "Tarteeb.Api.Infrastructure.Build\Tarteeb.Api.Infrastructure.Build.csproj", "{D5EBD018-034B-4BDA-86E6-881C8DE0C90D}"
EndProject
Global
	GlobalSection(SolutionConfigurationPlatforms) = preSolution
		Debug|Any CPU = Debug|Any CPU
		Release|Any CPU = Release|Any CPU
	EndGlobalSection
	GlobalSection(ProjectConfigurationPlatforms) = postSolution
		{CF4ACCE0-781B-4E32-B688-40981E90AEE6}.Debug|Any CPU.ActiveCfg = Debug|Any CPU
		{CF4ACCE0-781B-4E32-B688-40981E90AEE6}.Debug|Any CPU.Build.0 = Debug|Any CPU
		{CF4ACCE0-781B-4E32-B688-40981E90AEE6}.Release|Any CPU.ActiveCfg = Release|Any CPU
		{CF4ACCE0-781B-4E32-B688-40981E90AEE6}.Release|Any CPU.Build.0 = Release|Any CPU
		{D5EBD018-034B-4BDA-86E6-881C8DE0C90D}.Debug|Any CPU.ActiveCfg = Debug|Any CPU
		{D5EBD018-034B-4BDA-86E6-881C8DE0C90D}.Debug|Any CPU.Build.0 = Debug|Any CPU
		{D5EBD018-034B-4BDA-86E6-881C8DE0C90D}.Release|Any CPU.ActiveCfg = Release|Any CPU
		{D5EBD018-034B-4BDA-86E6-881C8DE0C90D}.Release|Any CPU.Build.0 = Release|Any CPU
	EndGlobalSection
	GlobalSection(SolutionProperties) = preSolution
		HideSolutionNode = FALSE
	EndGlobalSection
	GlobalSection(ExtensibilityGlobals) = postSolution
		SolutionGuid = {4F4DB5B8-10EE-4E23-BE11-D7130385D0F9}
	EndGlobalSection
EndGlobal
